# -------------------------------------------------------------------------- #
#
# Copyright (C) 1991-2010 Altera Corporation
# Your use of Altera Corporation's design tools, logic functions 
# and other software and tools, and its AMPP partner logic 
# functions, and any output files from any of the foregoing 
# (including device programming or simulation files), and any 
# associated documentation or information are expressly subject 
# to the terms and conditions of the Altera Program License 
# Subscription Agreement, Altera MegaCore Function License 
# Agreement, or other applicable license agreement, including, 
# without limitation, that your use is for the sole purpose of 
# programming logic devices manufactured by Altera and sold by 
# Altera or its authorized distributors.  Please refer to the 
# applicable agreement for further details.
#
# -------------------------------------------------------------------------- #
#
# Quartus II
# Version 9.1 Build 350 03/24/2010 Service Pack 2 SJ Web Edition
# Date created = 22:04:29  July 02, 2020
#
# -------------------------------------------------------------------------- #
#
# Notes:
#
# 1) The default values for assignments are stored in the file:
#		Data_mux_v2_assignment_defaults.qdf
#    If this file doesn't exist, see file:
#		assignment_defaults.qdf
#
# 2) Altera recommends that you do not modify this file. This
#    file is updated automatically by the Quartus II software
#    and any changes you make may be lost or overwritten.
#
# -------------------------------------------------------------------------- #


set_global_assignment -name FAMILY "Cyclone III"
set_global_assignment -name DEVICE EP3C16F484C6
set_global_assignment -name TOP_LEVEL_ENTITY Top
set_global_assignment -name ORIGINAL_QUARTUS_VERSION "9.1 SP2"
set_global_assignment -name PROJECT_CREATION_TIME_DATE "22:04:29  JULY 02, 2020"
set_global_assignment -name LAST_QUARTUS_VERSION "9.1 SP2"
set_global_assignment -name USE_GENERATED_PHYSICAL_CONSTRAINTS OFF -section_id eda_blast_fpga
set_global_assignment -name CYCLONEII_OPTIMIZATION_TECHNIQUE SPEED
set_global_assignment -name DEVICE_FILTER_PIN_COUNT 484
set_global_assignment -name MIN_CORE_JUNCTION_TEMP 0
set_global_assignment -name MAX_CORE_JUNCTION_TEMP 85
set_global_assignment -name NOMINAL_CORE_SUPPLY_VOLTAGE 1.2V
set_global_assignment -name PARTITION_NETLIST_TYPE SOURCE -section_id Top
set_global_assignment -name PARTITION_COLOR 16764057 -section_id Top
set_global_assignment -name LL_ROOT_REGION ON -section_id "Root Region"
set_global_assignment -name LL_MEMBER_STATE LOCKED -section_id "Root Region"
set_global_assignment -name SIMULATION_MODE FUNCTIONAL
set_global_assignment -name SIMULATION_INTERCONNECT_DELAY_MODEL_TYPE TRANSPORT
set_global_assignment -name SIMULATION_CELL_DELAY_MODEL_TYPE TRANSPORT
set_global_assignment -name DEVICE_FILTER_SPEED_GRADE FASTEST
set_global_assignment -name BDF_FILE Top.bdf
set_global_assignment -name SDC_FILE SDC1.sdc
set_global_assignment -name QIP_FILE lpm_ram_dp0.qip
set_global_assignment -name MIF_FILE Data_mux_datamif.mif
set_global_assignment -name VECTOR_WAVEFORM_FILE Data_mux_v2.vwf
set_global_assignment -name SYSTEMVERILOG_FILE fifo_3word_0_latency.sv
set_global_assignment -name SYSTEMVERILOG_FILE data_mux_geo.sv
set_global_assignment -name INCREMENTAL_VECTOR_INPUT_SOURCE Data_mux_v2.vwf
set_instance_assignment -name PARTITION_HIERARCHY root_partition -to | -section_id Top